
Microsoft Visual Studio Solution File, Format Version 12.00
# Visual Studio Version 17
VisualStudioVersion = 17.0.31903.59
MinimumVisualStudioVersion = 10.0.40219.1
Project("{2150E333-8FDC-42A3-9474-1A3956D46DE8}") = "src", "src", "{FEF28992-E7A9-40AE-B100-8A659700A208}"
EndProject
Project("{FAE04EC0-301F-11D3-BF4B-00C04F79EFBC}") = "AuctionService", "src\AuctionService\AuctionService.csproj", "{AE0B3E0B-CE5C-46A4-B095-EC81890CA4CB}"
EndProject
Project("{FAE04EC0-301F-11D3-BF4B-00C04F79EFBC}") = "SearchService", "src\SearchService\SearchService.csproj", "{BC1E9EE0-2970-4CCF-BBEB-077414961847}"
EndProject
Project("{FAE04EC0-301F-11D3-BF4B-00C04F79EFBC}") = "IdentityService", "src\IdentityService\IdentityService.csproj", "{58178F24-A25F-447A-9459-2DAE314D8309}"
EndProject
Global
	GlobalSection(SolutionConfigurationPlatforms) = preSolution
		Debug|Any CPU = Debug|Any CPU
		Release|Any CPU = Release|Any CPU
	EndGlobalSection
	GlobalSection(SolutionProperties) = preSolution
		HideSolutionNode = FALSE
	EndGlobalSection
	GlobalSection(ProjectConfigurationPlatforms) = postSolution
		{AE0B3E0B-CE5C-46A4-B095-EC81890CA4CB}.Debug|Any CPU.ActiveCfg = Debug|Any CPU
		{AE0B3E0B-CE5C-46A4-B095-EC81890CA4CB}.Debug|Any CPU.Build.0 = Debug|Any CPU
		{AE0B3E0B-CE5C-46A4-B095-EC81890CA4CB}.Release|Any CPU.ActiveCfg = Release|Any CPU
		{AE0B3E0B-CE5C-46A4-B095-EC81890CA4CB}.Release|Any CPU.Build.0 = Release|Any CPU
		{BC1E9EE0-2970-4CCF-BBEB-077414961847}.Debug|Any CPU.ActiveCfg = Debug|Any CPU
		{BC1E9EE0-2970-4CCF-BBEB-077414961847}.Debug|Any CPU.Build.0 = Debug|Any CPU
		{BC1E9EE0-2970-4CCF-BBEB-077414961847}.Release|Any CPU.ActiveCfg = Release|Any CPU
		{BC1E9EE0-2970-4CCF-BBEB-077414961847}.Release|Any CPU.Build.0 = Release|Any CPU
		{58178F24-A25F-447A-9459-2DAE314D8309}.Debug|Any CPU.ActiveCfg = Debug|Any CPU
		{58178F24-A25F-447A-9459-2DAE314D8309}.Debug|Any CPU.Build.0 = Debug|Any CPU
		{58178F24-A25F-447A-9459-2DAE314D8309}.Release|Any CPU.ActiveCfg = Release|Any CPU
		{58178F24-A25F-447A-9459-2DAE314D8309}.Release|Any CPU.Build.0 = Release|Any CPU
	EndGlobalSection
	GlobalSection(NestedProjects) = preSolution
		{AE0B3E0B-CE5C-46A4-B095-EC81890CA4CB} = {FEF28992-E7A9-40AE-B100-8A659700A208}
		{BC1E9EE0-2970-4CCF-BBEB-077414961847} = {FEF28992-E7A9-40AE-B100-8A659700A208}
		{58178F24-A25F-447A-9459-2DAE314D8309} = {FEF28992-E7A9-40AE-B100-8A659700A208}
	EndGlobalSection
EndGlobal
