
Microsoft Visual Studio Solution File, Format Version 12.00
# Visual Studio Version 17
VisualStudioVersion = 17.0.31903.59
MinimumVisualStudioVersion = 10.0.40219.1
Project("{2150E333-8FDC-42A3-9474-1A3956D46DE8}") = "src", "src", "{FEF28992-E7A9-40AE-B100-8A659700A208}"
EndProject
Project("{FAE04EC0-301F-11D3-BF4B-00C04F79EFBC}") = "AuctionService", "src\AuctionService\AuctionService.csproj", "{AE0B3E0B-CE5C-46A4-B095-EC81890CA4CB}"
EndProject
Project("{FAE04EC0-301F-11D3-BF4B-00C04F79EFBC}") = "SearchService", "src\SearchService\SearchService.csproj", "{BC1E9EE0-2970-4CCF-BBEB-077414961847}"
EndProject
Project("{FAE04EC0-301F-11D3-BF4B-00C04F79EFBC}") = "IdentityService", "src\IdentityService\IdentityService.csproj", "{58178F24-A25F-447A-9459-2DAE314D8309}"
EndProject
Project("{FAE04EC0-301F-11D3-BF4B-00C04F79EFBC}") = "GatewayService", "src\GatewayService\GatewayService.csproj", "{D6FD2FC5-0BBD-43CF-8449-C1FA872CDFB5}"
EndProject
Project("{2150E333-8FDC-42A3-9474-1A3956D46DE8}") = "tests", "tests", "{0D69B350-84E2-4CC5-9359-5D2217A099AE}"
EndProject
Project("{FAE04EC0-301F-11D3-BF4B-00C04F79EFBC}") = "AuctionService.UnitTests", "tests\AuctionService.UnitTests\AuctionService.UnitTests.csproj", "{87467492-A725-49A2-BF11-637FE5DD5ABE}"
EndProject
Project("{FAE04EC0-301F-11D3-BF4B-00C04F79EFBC}") = "AuctionService.IntegrationTests", "tests\AuctionService.IntegrationTests\AuctionService.IntegrationTests.csproj", "{11D5DC15-0DF1-4DE2-8DB9-2C97215C0866}"
EndProject
Project("{FAE04EC0-301F-11D3-BF4B-00C04F79EFBC}") = "BiddingService", "src\BiddingService\BiddingService.csproj", "{BF3E3CDD-09F1-439B-88A3-9ABD552EBF1D}"
EndProject
Project("{FAE04EC0-301F-11D3-BF4B-00C04F79EFBC}") = "NotificationService", "src\NotificationService\NotificationService.csproj", "{945054F8-81CB-4893-AE11-618FBC2AE152}"
EndProject
Project("{FAE04EC0-301F-11D3-BF4B-00C04F79EFBC}") = "SearchService.IntegrationTests", "tests\SearchService.IntegrationTests\SearchService.IntegrationTests.csproj", "{70BFD81C-28C7-465D-AE14-0FF376EFD435}"
EndProject
Global
	GlobalSection(SolutionConfigurationPlatforms) = preSolution
		Debug|Any CPU = Debug|Any CPU
		Release|Any CPU = Release|Any CPU
	EndGlobalSection
	GlobalSection(SolutionProperties) = preSolution
		HideSolutionNode = FALSE
	EndGlobalSection
	GlobalSection(ProjectConfigurationPlatforms) = postSolution
		{AE0B3E0B-CE5C-46A4-B095-EC81890CA4CB}.Debug|Any CPU.ActiveCfg = Debug|Any CPU
		{AE0B3E0B-CE5C-46A4-B095-EC81890CA4CB}.Debug|Any CPU.Build.0 = Debug|Any CPU
		{AE0B3E0B-CE5C-46A4-B095-EC81890CA4CB}.Release|Any CPU.ActiveCfg = Release|Any CPU
		{AE0B3E0B-CE5C-46A4-B095-EC81890CA4CB}.Release|Any CPU.Build.0 = Release|Any CPU
		{BC1E9EE0-2970-4CCF-BBEB-077414961847}.Debug|Any CPU.ActiveCfg = Debug|Any CPU
		{BC1E9EE0-2970-4CCF-BBEB-077414961847}.Debug|Any CPU.Build.0 = Debug|Any CPU
		{BC1E9EE0-2970-4CCF-BBEB-077414961847}.Release|Any CPU.ActiveCfg = Release|Any CPU
		{BC1E9EE0-2970-4CCF-BBEB-077414961847}.Release|Any CPU.Build.0 = Release|Any CPU
		{58178F24-A25F-447A-9459-2DAE314D8309}.Debug|Any CPU.ActiveCfg = Debug|Any CPU
		{58178F24-A25F-447A-9459-2DAE314D8309}.Debug|Any CPU.Build.0 = Debug|Any CPU
		{58178F24-A25F-447A-9459-2DAE314D8309}.Release|Any CPU.ActiveCfg = Release|Any CPU
		{58178F24-A25F-447A-9459-2DAE314D8309}.Release|Any CPU.Build.0 = Release|Any CPU
		{D6FD2FC5-0BBD-43CF-8449-C1FA872CDFB5}.Debug|Any CPU.ActiveCfg = Debug|Any CPU
		{D6FD2FC5-0BBD-43CF-8449-C1FA872CDFB5}.Debug|Any CPU.Build.0 = Debug|Any CPU
		{D6FD2FC5-0BBD-43CF-8449-C1FA872CDFB5}.Release|Any CPU.ActiveCfg = Release|Any CPU
		{D6FD2FC5-0BBD-43CF-8449-C1FA872CDFB5}.Release|Any CPU.Build.0 = Release|Any CPU
		{87467492-A725-49A2-BF11-637FE5DD5ABE}.Debug|Any CPU.ActiveCfg = Debug|Any CPU
		{87467492-A725-49A2-BF11-637FE5DD5ABE}.Debug|Any CPU.Build.0 = Debug|Any CPU
		{87467492-A725-49A2-BF11-637FE5DD5ABE}.Release|Any CPU.ActiveCfg = Release|Any CPU
		{87467492-A725-49A2-BF11-637FE5DD5ABE}.Release|Any CPU.Build.0 = Release|Any CPU
		{11D5DC15-0DF1-4DE2-8DB9-2C97215C0866}.Debug|Any CPU.ActiveCfg = Debug|Any CPU
		{11D5DC15-0DF1-4DE2-8DB9-2C97215C0866}.Debug|Any CPU.Build.0 = Debug|Any CPU
		{11D5DC15-0DF1-4DE2-8DB9-2C97215C0866}.Release|Any CPU.ActiveCfg = Release|Any CPU
		{11D5DC15-0DF1-4DE2-8DB9-2C97215C0866}.Release|Any CPU.Build.0 = Release|Any CPU
		{BF3E3CDD-09F1-439B-88A3-9ABD552EBF1D}.Debug|Any CPU.ActiveCfg = Debug|Any CPU
		{BF3E3CDD-09F1-439B-88A3-9ABD552EBF1D}.Debug|Any CPU.Build.0 = Debug|Any CPU
		{BF3E3CDD-09F1-439B-88A3-9ABD552EBF1D}.Release|Any CPU.ActiveCfg = Release|Any CPU
		{BF3E3CDD-09F1-439B-88A3-9ABD552EBF1D}.Release|Any CPU.Build.0 = Release|Any CPU
		{945054F8-81CB-4893-AE11-618FBC2AE152}.Debug|Any CPU.ActiveCfg = Debug|Any CPU
		{945054F8-81CB-4893-AE11-618FBC2AE152}.Debug|Any CPU.Build.0 = Debug|Any CPU
		{945054F8-81CB-4893-AE11-618FBC2AE152}.Release|Any CPU.ActiveCfg = Release|Any CPU
		{945054F8-81CB-4893-AE11-618FBC2AE152}.Release|Any CPU.Build.0 = Release|Any CPU
		{70BFD81C-28C7-465D-AE14-0FF376EFD435}.Debug|Any CPU.ActiveCfg = Debug|Any CPU
		{70BFD81C-28C7-465D-AE14-0FF376EFD435}.Debug|Any CPU.Build.0 = Debug|Any CPU
		{70BFD81C-28C7-465D-AE14-0FF376EFD435}.Release|Any CPU.ActiveCfg = Release|Any CPU
		{70BFD81C-28C7-465D-AE14-0FF376EFD435}.Release|Any CPU.Build.0 = Release|Any CPU
	EndGlobalSection
	GlobalSection(NestedProjects) = preSolution
		{AE0B3E0B-CE5C-46A4-B095-EC81890CA4CB} = {FEF28992-E7A9-40AE-B100-8A659700A208}
		{BC1E9EE0-2970-4CCF-BBEB-077414961847} = {FEF28992-E7A9-40AE-B100-8A659700A208}
		{58178F24-A25F-447A-9459-2DAE314D8309} = {FEF28992-E7A9-40AE-B100-8A659700A208}
		{D6FD2FC5-0BBD-43CF-8449-C1FA872CDFB5} = {FEF28992-E7A9-40AE-B100-8A659700A208}
		{87467492-A725-49A2-BF11-637FE5DD5ABE} = {0D69B350-84E2-4CC5-9359-5D2217A099AE}
		{11D5DC15-0DF1-4DE2-8DB9-2C97215C0866} = {0D69B350-84E2-4CC5-9359-5D2217A099AE}
		{BF3E3CDD-09F1-439B-88A3-9ABD552EBF1D} = {FEF28992-E7A9-40AE-B100-8A659700A208}
		{945054F8-81CB-4893-AE11-618FBC2AE152} = {FEF28992-E7A9-40AE-B100-8A659700A208}
		{70BFD81C-28C7-465D-AE14-0FF376EFD435} = {0D69B350-84E2-4CC5-9359-5D2217A099AE}
	EndGlobalSection
EndGlobal
